{
	"name": "core-lib-ui",
	"version": "0.0.0",
	"lockfileVersion": 3,
	"requires": true,
	"packages": {
		"": {
			"name": "core-lib-ui",
			"version": "0.0.0",
			"dependencies": {
				"core-lib": "file:../js",
				"fire": "npm:fire-lib-js@^0.2.0"
			},
			"devDependencies": {
				"svelte": "^3.49.0"
			}
		},
		"../js": {
			"name": "core-lib",
			"version": "0.0.0",
			"dependencies": {
				"fire": "npm:fire-lib-js@^0.2.0"
			},
			"devDependencies": {
				"@sveltejs/vite-plugin-svelte": "^2.4",
				"svelte": "^3.49.0",
				"vite": "^4.3"
			}
		},
		"node_modules/core-lib": {
			"resolved": "../js",
			"link": true
		},
		"node_modules/fire": {
			"name": "fire-lib-js",
			"version": "0.2.4",
			"resolved": "https://registry.npmjs.org/fire-lib-js/-/fire-lib-js-0.2.4.tgz",
			"integrity": "sha512-AVYYSdS8Zaw3TCPgjjsd+pxWHeSZcF9+4c4m8pHFJcpUWjLa14gwtdJ49Nz0Em6CnwWqScz2Sg8RyRbNuDEHRw=="
		},
		"node_modules/svelte": {
			"version": "3.59.1",
			"resolved": "https://registry.npmjs.org/svelte/-/svelte-3.59.1.tgz",
			"integrity": "sha512-pKj8fEBmqf6mq3/NfrB9SLtcJcUvjYSWyePlfCqN9gujLB25RitWK8PvFzlwim6hD/We35KbPlRteuA6rnPGcQ==",
			"dev": true,
			"engines": {
				"node": ">= 8"
			}
		}
	}
}
